
Microsoft Visual Studio Solution File, Format Version 12.00
# Visual Studio Version 16
VisualStudioVersion = 16.0.29123.89
MinimumVisualStudioVersion = 10.0.40219.1
Project("{9A19103F-16F7-4668-BE54-9A1E7A4F7556}") = "HabKit", "HabKit\HabKit.csproj", "{CEB508E0-33EB-4CE1-B0E6-713F47E3FF32}"
EndProject
Project("{9A19103F-16F7-4668-BE54-9A1E7A4F7556}") = "Flazzy", "Submodules\Sulakore\Submodules\Flazzy\Flazzy\Flazzy.csproj", "{4448E520-94AB-4416-BE48-D7D6FF565038}"
EndProject
Project("{9A19103F-16F7-4668-BE54-9A1E7A4F7556}") = "Sulakore", "Submodules\Sulakore\Sulakore\Sulakore.csproj", "{F50E282B-6D89-4B86-8A6F-E6019553DDEC}"
EndProject
Global
	GlobalSection(SolutionConfigurationPlatforms) = preSolution
		Debug|Any CPU = Debug|Any CPU
		Release|Any CPU = Release|Any CPU
	EndGlobalSection
	GlobalSection(ProjectConfigurationPlatforms) = postSolution
		{CEB508E0-33EB-4CE1-B0E6-713F47E3FF32}.Debug|Any CPU.ActiveCfg = Debug|Any CPU
		{CEB508E0-33EB-4CE1-B0E6-713F47E3FF32}.Debug|Any CPU.Build.0 = Debug|Any CPU
		{CEB508E0-33EB-4CE1-B0E6-713F47E3FF32}.Release|Any CPU.ActiveCfg = Release|Any CPU
		{CEB508E0-33EB-4CE1-B0E6-713F47E3FF32}.Release|Any CPU.Build.0 = Release|Any CPU
		{4448E520-94AB-4416-BE48-D7D6FF565038}.Debug|Any CPU.ActiveCfg = Debug|Any CPU
		{4448E520-94AB-4416-BE48-D7D6FF565038}.Debug|Any CPU.Build.0 = Debug|Any CPU
		{4448E520-94AB-4416-BE48-D7D6FF565038}.Release|Any CPU.ActiveCfg = Release|Any CPU
		{4448E520-94AB-4416-BE48-D7D6FF565038}.Release|Any CPU.Build.0 = Release|Any CPU
		{F50E282B-6D89-4B86-8A6F-E6019553DDEC}.Debug|Any CPU.ActiveCfg = Debug|Any CPU
		{F50E282B-6D89-4B86-8A6F-E6019553DDEC}.Debug|Any CPU.Build.0 = Debug|Any CPU
		{F50E282B-6D89-4B86-8A6F-E6019553DDEC}.Release|Any CPU.ActiveCfg = Release|Any CPU
		{F50E282B-6D89-4B86-8A6F-E6019553DDEC}.Release|Any CPU.Build.0 = Release|Any CPU
	EndGlobalSection
	GlobalSection(SolutionProperties) = preSolution
		HideSolutionNode = FALSE
	EndGlobalSection
	GlobalSection(ExtensibilityGlobals) = postSolution
		SolutionGuid = {02307763-8944-46FB-A686-7394DC8D7F78}
	EndGlobalSection
EndGlobal
